// !$*UTF8*$!
{
	archiveVersion = 1;
	classes = {
	};
	objectVersion = 56;
	objects = {

/* Begin PBXBuildFile section */
		8E0E04482B98E5E2001434D2 /* AppDelegate.swift in Sources */ = {isa = PBXBuildFile; fileRef = 8E0E04472B98E5E2001434D2 /* AppDelegate.swift */; };
		8E0E044A2B98E5E2001434D2 /* SceneDelegate.swift in Sources */ = {isa = PBXBuildFile; fileRef = 8E0E04492B98E5E2001434D2 /* SceneDelegate.swift */; };
		8E0E044C2B98E5E2001434D2 /* LoginViewController.swift in Sources */ = {isa = PBXBuildFile; fileRef = 8E0E044B2B98E5E2001434D2 /* LoginViewController.swift */; };
		8E0E044F2B98E5E2001434D2 /* Main.storyboard in Resources */ = {isa = PBXBuildFile; fileRef = 8E0E044D2B98E5E2001434D2 /* Main.storyboard */; };
		8E0E04512B98E5E4001434D2 /* Assets.xcassets in Resources */ = {isa = PBXBuildFile; fileRef = 8E0E04502B98E5E4001434D2 /* Assets.xcassets */; };
		8E0E04542B98E5E4001434D2 /* LaunchScreen.storyboard in Resources */ = {isa = PBXBuildFile; fileRef = 8E0E04522B98E5E4001434D2 /* LaunchScreen.storyboard */; };
		8E0E045C2B98F74F001434D2 /* LoginInfo.swift in Sources */ = {isa = PBXBuildFile; fileRef = 8E0E045B2B98F74E001434D2 /* LoginInfo.swift */; };
		8EC775DB2BAD7F32000DA815 /* MainTabBarController.swift in Sources */ = {isa = PBXBuildFile; fileRef = 8EC775DA2BAD7F32000DA815 /* MainTabBarController.swift */; };
		8EC775DD2BAD80D4000DA815 /* FriendsViewController.swift in Sources */ = {isa = PBXBuildFile; fileRef = 8EC775DC2BAD80D4000DA815 /* FriendsViewController.swift */; };
		8EC775DF2BAD80E4000DA815 /* GroupsViewController.swift in Sources */ = {isa = PBXBuildFile; fileRef = 8EC775DE2BAD80E4000DA815 /* GroupsViewController.swift */; };
		8EC775E12BAEF0B4000DA815 /* LoginErrorController.swift in Sources */ = {isa = PBXBuildFile; fileRef = 8EC775E02BAEF0B4000DA815 /* LoginErrorController.swift */; };
		8EE1EF3C2BA316AD00D74A08 /* UIColorExtensions.swift in Sources */ = {isa = PBXBuildFile; fileRef = 8EE1EF3B2BA316AD00D74A08 /* UIColorExtensions.swift */; };
		8EE1EF3E2BA3171B00D74A08 /* CGFloatExtensions.swift in Sources */ = {isa = PBXBuildFile; fileRef = 8EE1EF3D2BA3171B00D74A08 /* CGFloatExtensions.swift */; };
/* End PBXBuildFile section */

/* Begin PBXFileReference section */
		8E0E04442B98E5E2001434D2 /* lesson_1.app */ = {isa = PBXFileReference; explicitFileType = wrapper.application; includeInIndex = 0; path = lesson_1.app; sourceTree = BUILT_PRODUCTS_DIR; };
		8E0E04472B98E5E2001434D2 /* AppDelegate.swift */ = {isa = PBXFileReference; lastKnownFileType = sourcecode.swift; path = AppDelegate.swift; sourceTree = "<group>"; };
		8E0E04492B98E5E2001434D2 /* SceneDelegate.swift */ = {isa = PBXFileReference; lastKnownFileType = sourcecode.swift; path = SceneDelegate.swift; sourceTree = "<group>"; };
		8E0E044B2B98E5E2001434D2 /* LoginViewController.swift */ = {isa = PBXFileReference; lastKnownFileType = sourcecode.swift; path = LoginViewController.swift; sourceTree = "<group>"; };
		8E0E044E2B98E5E2001434D2 /* Base */ = {isa = PBXFileReference; lastKnownFileType = file.storyboard; name = Base; path = Base.lproj/Main.storyboard; sourceTree = "<group>"; };
		8E0E04502B98E5E4001434D2 /* Assets.xcassets */ = {isa = PBXFileReference; lastKnownFileType = folder.assetcatalog; path = Assets.xcassets; sourceTree = "<group>"; };
		8E0E04532B98E5E4001434D2 /* Base */ = {isa = PBXFileReference; lastKnownFileType = file.storyboard; name = Base; path = Base.lproj/LaunchScreen.storyboard; sourceTree = "<group>"; };
		8E0E04552B98E5E4001434D2 /* Info.plist */ = {isa = PBXFileReference; lastKnownFileType = text.plist.xml; path = Info.plist; sourceTree = "<group>"; };
		8E0E045B2B98F74E001434D2 /* LoginInfo.swift */ = {isa = PBXFileReference; lastKnownFileType = sourcecode.swift; path = LoginInfo.swift; sourceTree = "<group>"; };
		8EC775DA2BAD7F32000DA815 /* MainTabBarController.swift */ = {isa = PBXFileReference; lastKnownFileType = sourcecode.swift; path = MainTabBarController.swift; sourceTree = "<group>"; };
		8EC775DC2BAD80D4000DA815 /* FriendsViewController.swift */ = {isa = PBXFileReference; lastKnownFileType = sourcecode.swift; path = FriendsViewController.swift; sourceTree = "<group>"; };
		8EC775DE2BAD80E4000DA815 /* GroupsViewController.swift */ = {isa = PBXFileReference; lastKnownFileType = sourcecode.swift; path = GroupsViewController.swift; sourceTree = "<group>"; };
		8EC775E02BAEF0B4000DA815 /* LoginErrorController.swift */ = {isa = PBXFileReference; lastKnownFileType = sourcecode.swift; path = LoginErrorController.swift; sourceTree = "<group>"; };
		8EE1EF3B2BA316AD00D74A08 /* UIColorExtensions.swift */ = {isa = PBXFileReference; lastKnownFileType = sourcecode.swift; path = UIColorExtensions.swift; sourceTree = "<group>"; };
		8EE1EF3D2BA3171B00D74A08 /* CGFloatExtensions.swift */ = {isa = PBXFileReference; lastKnownFileType = sourcecode.swift; path = CGFloatExtensions.swift; sourceTree = "<group>"; };
/* End PBXFileReference section */

/* Begin PBXFrameworksBuildPhase section */
		8E0E04412B98E5E2001434D2 /* Frameworks */ = {
			isa = PBXFrameworksBuildPhase;
			buildActionMask = 2147483647;
			files = (
			);
			runOnlyForDeploymentPostprocessing = 0;
		};
/* End PBXFrameworksBuildPhase section */

/* Begin PBXGroup section */
		8E0E043B2B98E5E2001434D2 = {
			isa = PBXGroup;
			children = (
				8E0E04462B98E5E2001434D2 /* lesson_1 */,
				8E0E04452B98E5E2001434D2 /* Products */,
			);
			sourceTree = "<group>";
		};
		8E0E04452B98E5E2001434D2 /* Products */ = {
			isa = PBXGroup;
			children = (
				8E0E04442B98E5E2001434D2 /* lesson_1.app */,
			);
			name = Products;
			sourceTree = "<group>";
		};
		8E0E04462B98E5E2001434D2 /* lesson_1 */ = {
			isa = PBXGroup;
			children = (
				8EE1EF3A2BA3163E00D74A08 /* Extensions */,
				8E0E045F2B99D6D1001434D2 /* Models */,
				8E0E045E2B99D65E001434D2 /* Views */,
				8E0E045D2B99D648001434D2 /* Controllers */,
				8E0E04472B98E5E2001434D2 /* AppDelegate.swift */,
				8E0E04492B98E5E2001434D2 /* SceneDelegate.swift */,
				8E0E04502B98E5E4001434D2 /* Assets.xcassets */,
				8E0E04552B98E5E4001434D2 /* Info.plist */,
			);
			path = lesson_1;
			sourceTree = "<group>";
		};
		8E0E045D2B99D648001434D2 /* Controllers */ = {
			isa = PBXGroup;
			children = (
				8E0E044B2B98E5E2001434D2 /* LoginViewController.swift */,
				8EC775DA2BAD7F32000DA815 /* MainTabBarController.swift */,
				8EC775DC2BAD80D4000DA815 /* FriendsViewController.swift */,
				8EC775DE2BAD80E4000DA815 /* GroupsViewController.swift */,
				8EC775E02BAEF0B4000DA815 /* LoginErrorController.swift */,
			);
			path = Controllers;
			sourceTree = "<group>";
		};
		8E0E045E2B99D65E001434D2 /* Views */ = {
			isa = PBXGroup;
			children = (
				8E0E04602B99D6FD001434D2 /* Storyboards */,
			);
			path = Views;
			sourceTree = "<group>";
		};
		8E0E045F2B99D6D1001434D2 /* Models */ = {
			isa = PBXGroup;
			children = (
				8E0E045B2B98F74E001434D2 /* LoginInfo.swift */,
			);
			path = Models;
			sourceTree = "<group>";
		};
		8E0E04602B99D6FD001434D2 /* Storyboards */ = {
			isa = PBXGroup;
			children = (
				8E0E04522B98E5E4001434D2 /* LaunchScreen.storyboard */,
				8E0E044D2B98E5E2001434D2 /* Main.storyboard */,
			);
			path = Storyboards;
			sourceTree = "<group>";
		};
		8EE1EF3A2BA3163E00D74A08 /* Extensions */ = {
			isa = PBXGroup;
			children = (
				8EE1EF3B2BA316AD00D74A08 /* UIColorExtensions.swift */,
				8EE1EF3D2BA3171B00D74A08 /* CGFloatExtensions.swift */,
			);
			path = Extensions;
			sourceTree = "<group>";
		};
/* End PBXGroup section */

/* Begin PBXNativeTarget section */
		8E0E04432B98E5E2001434D2 /* lesson_1 */ = {
			isa = PBXNativeTarget;
			buildConfigurationList = 8E0E04582B98E5E4001434D2 /* Build configuration list for PBXNativeTarget "lesson_1" */;
			buildPhases = (
				8E0E04402B98E5E2001434D2 /* Sources */,
				8E0E04412B98E5E2001434D2 /* Frameworks */,
				8E0E04422B98E5E2001434D2 /* Resources */,
			);
			buildRules = (
			);
			dependencies = (
			);
			name = lesson_1;
			productName = lesson_1;
			productReference = 8E0E04442B98E5E2001434D2 /* lesson_1.app */;
			productType = "com.apple.product-type.application";
		};
/* End PBXNativeTarget section */

/* Begin PBXProject section */
		8E0E043C2B98E5E2001434D2 /* Project object */ = {
			isa = PBXProject;
			attributes = {
				BuildIndependentTargetsInParallel = 1;
				LastSwiftUpdateCheck = 1520;
				LastUpgradeCheck = 1520;
				TargetAttributes = {
					8E0E04432B98E5E2001434D2 = {
						CreatedOnToolsVersion = 15.2;
					};
				};
			};
			buildConfigurationList = 8E0E043F2B98E5E2001434D2 /* Build configuration list for PBXProject "lesson_1" */;
			compatibilityVersion = "Xcode 14.0";
			developmentRegion = en;
			hasScannedForEncodings = 0;
			knownRegions = (
				en,
				Base,
			);
			mainGroup = 8E0E043B2B98E5E2001434D2;
			productRefGroup = 8E0E04452B98E5E2001434D2 /* Products */;
			projectDirPath = "";
			projectRoot = "";
			targets = (
				8E0E04432B98E5E2001434D2 /* lesson_1 */,
			);
		};
/* End PBXProject section */

/* Begin PBXResourcesBuildPhase section */
		8E0E04422B98E5E2001434D2 /* Resources */ = {
			isa = PBXResourcesBuildPhase;
			buildActionMask = 2147483647;
			files = (
				8E0E04542B98E5E4001434D2 /* LaunchScreen.storyboard in Resources */,
				8E0E04512B98E5E4001434D2 /* Assets.xcassets in Resources */,
				8E0E044F2B98E5E2001434D2 /* Main.storyboard in Resources */,
			);
			runOnlyForDeploymentPostprocessing = 0;
		};
/* End PBXResourcesBuildPhase section */

/* Begin PBXSourcesBuildPhase section */
		8E0E04402B98E5E2001434D2 /* Sources */ = {
			isa = PBXSourcesBuildPhase;
			buildActionMask = 2147483647;
			files = (
				8EC775DD2BAD80D4000DA815 /* FriendsViewController.swift in Sources */,
				8E0E044C2B98E5E2001434D2 /* LoginViewController.swift in Sources */,
				8E0E04482B98E5E2001434D2 /* AppDelegate.swift in Sources */,
				8EE1EF3E2BA3171B00D74A08 /* CGFloatExtensions.swift in Sources */,
				8EC775E12BAEF0B4000DA815 /* LoginErrorController.swift in Sources */,
				8EC775DB2BAD7F32000DA815 /* MainTabBarController.swift in Sources */,
				8E0E044A2B98E5E2001434D2 /* SceneDelegate.swift in Sources */,
				8E0E045C2B98F74F001434D2 /* LoginInfo.swift in Sources */,
				8EE1EF3C2BA316AD00D74A08 /* UIColorExtensions.swift in Sources */,
				8EC775DF2BAD80E4000DA815 /* GroupsViewController.swift in Sources */,
			);
			runOnlyForDeploymentPostprocessing = 0;
		};
/* End PBXSourcesBuildPhase section */

/* Begin PBXVariantGroup section */
		8E0E044D2B98E5E2001434D2 /* Main.storyboard */ = {
			isa = PBXVariantGroup;
			children = (
				8E0E044E2B98E5E2001434D2 /* Base */,
			);
			name = Main.storyboard;
			sourceTree = "<group>";
		};
		8E0E04522B98E5E4001434D2 /* LaunchScreen.storyboard */ = {
			isa = PBXVariantGroup;
			children = (
				8E0E04532B98E5E4001434D2 /* Base */,
			);
			name = LaunchScreen.storyboard;
			sourceTree = "<group>";
		};
/* End PBXVariantGroup section */

/* Begin XCBuildConfiguration section */
		8E0E04562B98E5E4001434D2 /* Debug */ = {
			isa = XCBuildConfiguration;
			buildSettings = {
				ALWAYS_SEARCH_USER_PATHS = NO;
				ASSETCATALOG_COMPILER_GENERATE_SWIFT_ASSET_SYMBOL_EXTENSIONS = YES;
				CLANG_ANALYZER_NONNULL = YES;
				CLANG_ANALYZER_NUMBER_OBJECT_CONVERSION = YES_AGGRESSIVE;
				CLANG_CXX_LANGUAGE_STANDARD = "gnu++20";
				CLANG_ENABLE_MODULES = YES;
				CLANG_ENABLE_OBJC_ARC = YES;
				CLANG_ENABLE_OBJC_WEAK = YES;
				CLANG_WARN_BLOCK_CAPTURE_AUTORELEASING = YES;
				CLANG_WARN_BOOL_CONVERSION = YES;
				CLANG_WARN_COMMA = YES;
				CLANG_WARN_CONSTANT_CONVERSION = YES;
				CLANG_WARN_DEPRECATED_OBJC_IMPLEMENTATIONS = YES;
				CLANG_WARN_DIRECT_OBJC_ISA_USAGE = YES_ERROR;
				CLANG_WARN_DOCUMENTATION_COMMENTS = YES;
				CLANG_WARN_EMPTY_BODY = YES;
				CLANG_WARN_ENUM_CONVERSION = YES;
				CLANG_WARN_INFINITE_RECURSION = YES;
				CLANG_WARN_INT_CONVERSION = YES;
				CLANG_WARN_NON_LITERAL_NULL_CONVERSION = YES;
				CLANG_WARN_OBJC_IMPLICIT_RETAIN_SELF = YES;
				CLANG_WARN_OBJC_LITERAL_CONVERSION = YES;
				CLANG_WARN_OBJC_ROOT_CLASS = YES_ERROR;
				CLANG_WARN_QUOTED_INCLUDE_IN_FRAMEWORK_HEADER = YES;
				CLANG_WARN_RANGE_LOOP_ANALYSIS = YES;
				CLANG_WARN_STRICT_PROTOTYPES = YES;
				CLANG_WARN_SUSPICIOUS_MOVE = YES;
				CLANG_WARN_UNGUARDED_AVAILABILITY = YES_AGGRESSIVE;
				CLANG_WARN_UNREACHABLE_CODE = YES;
				CLANG_WARN__DUPLICATE_METHOD_MATCH = YES;
				COPY_PHASE_STRIP = NO;
				DEBUG_INFORMATION_FORMAT = dwarf;
				ENABLE_STRICT_OBJC_MSGSEND = YES;
				ENABLE_TESTABILITY = YES;
				ENABLE_USER_SCRIPT_SANDBOXING = YES;
				GCC_C_LANGUAGE_STANDARD = gnu17;
				GCC_DYNAMIC_NO_PIC = NO;
				GCC_NO_COMMON_BLOCKS = YES;
				GCC_OPTIMIZATION_LEVEL = 0;
				GCC_PREPROCESSOR_DEFINITIONS = (
					"DEBUG=1",
					"$(inherited)",
				);
				GCC_WARN_64_TO_32_BIT_CONVERSION = YES;
				GCC_WARN_ABOUT_RETURN_TYPE = YES_ERROR;
				GCC_WARN_UNDECLARED_SELECTOR = YES;
				GCC_WARN_UNINITIALIZED_AUTOS = YES_AGGRESSIVE;
				GCC_WARN_UNUSED_FUNCTION = YES;
				GCC_WARN_UNUSED_VARIABLE = YES;
				IPHONEOS_DEPLOYMENT_TARGET = 17.2;
				LOCALIZATION_PREFERS_STRING_CATALOGS = YES;
				MTL_ENABLE_DEBUG_INFO = INCLUDE_SOURCE;
				MTL_FAST_MATH = YES;
				ONLY_ACTIVE_ARCH = YES;
				SDKROOT = iphoneos;
				SWIFT_ACTIVE_COMPILATION_CONDITIONS = "DEBUG $(inherited)";
				SWIFT_OPTIMIZATION_LEVEL = "-Onone";
			};
			name = Debug;
		};
		8E0E04572B98E5E4001434D2 /* Release */ = {
			isa = XCBuildConfiguration;
			buildSettings = {
				ALWAYS_SEARCH_USER_PATHS = NO;
				ASSETCATALOG_COMPILER_GENERATE_SWIFT_ASSET_SYMBOL_EXTENSIONS = YES;
				CLANG_ANALYZER_NONNULL = YES;
				CLANG_ANALYZER_NUMBER_OBJECT_CONVERSION = YES_AGGRESSIVE;
				CLANG_CXX_LANGUAGE_STANDARD = "gnu++20";
				CLANG_ENABLE_MODULES = YES;
				CLANG_ENABLE_OBJC_ARC = YES;
				CLANG_ENABLE_OBJC_WEAK = YES;
				CLANG_WARN_BLOCK_CAPTURE_AUTORELEASING = YES;
				CLANG_WARN_BOOL_CONVERSION = YES;
				CLANG_WARN_COMMA = YES;
				CLANG_WARN_CONSTANT_CONVERSION = YES;
				CLANG_WARN_DEPRECATED_OBJC_IMPLEMENTATIONS = YES;
				CLANG_WARN_DIRECT_OBJC_ISA_USAGE = YES_ERROR;
				CLANG_WARN_DOCUMENTATION_COMMENTS = YES;
				CLANG_WARN_EMPTY_BODY = YES;
				CLANG_WARN_ENUM_CONVERSION = YES;
				CLANG_WARN_INFINITE_RECURSION = YES;
				CLANG_WARN_INT_CONVERSION = YES;
				CLANG_WARN_NON_LITERAL_NULL_CONVERSION = YES;
				CLANG_WARN_OBJC_IMPLICIT_RETAIN_SELF = YES;
				CLANG_WARN_OBJC_LITERAL_CONVERSION = YES;
				CLANG_WARN_OBJC_ROOT_CLASS = YES_ERROR;
				CLANG_WARN_QUOTED_INCLUDE_IN_FRAMEWORK_HEADER = YES;
				CLANG_WARN_RANGE_LOOP_ANALYSIS = YES;
				CLANG_WARN_STRICT_PROTOTYPES = YES;
				CLANG_WARN_SUSPICIOUS_MOVE = YES;
				CLANG_WARN_UNGUARDED_AVAILABILITY = YES_AGGRESSIVE;
				CLANG_WARN_UNREACHABLE_CODE = YES;
				CLANG_WARN__DUPLICATE_METHOD_MATCH = YES;
				COPY_PHASE_STRIP = NO;
				DEBUG_INFORMATION_FORMAT = "dwarf-with-dsym";
				ENABLE_NS_ASSERTIONS = NO;
				ENABLE_STRICT_OBJC_MSGSEND = YES;
				ENABLE_USER_SCRIPT_SANDBOXING = YES;
				GCC_C_LANGUAGE_STANDARD = gnu17;
				GCC_NO_COMMON_BLOCKS = YES;
				GCC_WARN_64_TO_32_BIT_CONVERSION = YES;
				GCC_WARN_ABOUT_RETURN_TYPE = YES_ERROR;
				GCC_WARN_UNDECLARED_SELECTOR = YES;
				GCC_WARN_UNINITIALIZED_AUTOS = YES_AGGRESSIVE;
				GCC_WARN_UNUSED_FUNCTION = YES;
				GCC_WARN_UNUSED_VARIABLE = YES;
				IPHONEOS_DEPLOYMENT_TARGET = 17.2;
				LOCALIZATION_PREFERS_STRING_CATALOGS = YES;
				MTL_ENABLE_DEBUG_INFO = NO;
				MTL_FAST_MATH = YES;
				SDKROOT = iphoneos;
				SWIFT_COMPILATION_MODE = wholemodule;
				VALIDATE_PRODUCT = YES;
			};
			name = Release;
		};
		8E0E04592B98E5E4001434D2 /* Debug */ = {
			isa = XCBuildConfiguration;
			buildSettings = {
				ASSETCATALOG_COMPILER_APPICON_NAME = AppIcon;
				ASSETCATALOG_COMPILER_GLOBAL_ACCENT_COLOR_NAME = AccentColor;
				CODE_SIGN_STYLE = Automatic;
				CURRENT_PROJECT_VERSION = 1;
				DEVELOPMENT_TEAM = GAPK9VY2U9;
				GENERATE_INFOPLIST_FILE = YES;
				INFOPLIST_FILE = lesson_1/Info.plist;
				INFOPLIST_KEY_UIApplicationSupportsIndirectInputEvents = YES;
				INFOPLIST_KEY_UILaunchStoryboardName = LaunchScreen;
				INFOPLIST_KEY_UIMainStoryboardFile = Main;
				INFOPLIST_KEY_UISupportedInterfaceOrientations_iPad = "UIInterfaceOrientationPortrait UIInterfaceOrientationPortraitUpsideDown UIInterfaceOrientationLandscapeLeft UIInterfaceOrientationLandscapeRight";
				INFOPLIST_KEY_UISupportedInterfaceOrientations_iPhone = "UIInterfaceOrientationPortrait UIInterfaceOrientationLandscapeLeft UIInterfaceOrientationLandscapeRight";
				LD_RUNPATH_SEARCH_PATHS = (
					"$(inherited)",
					"@executable_path/Frameworks",
				);
				MARKETING_VERSION = 1.0;
				PRODUCT_BUNDLE_IDENTIFIER = "sli.lesson-1";
				PRODUCT_NAME = "$(TARGET_NAME)";
				SWIFT_EMIT_LOC_STRINGS = YES;
				SWIFT_VERSION = 5.0;
				TARGETED_DEVICE_FAMILY = "1,2";
			};
			name = Debug;
		};
		8E0E045A2B98E5E4001434D2 /* Release */ = {
			isa = XCBuildConfiguration;
			buildSettings = {
				ASSETCATALOG_COMPILER_APPICON_NAME = AppIcon;
				ASSETCATALOG_COMPILER_GLOBAL_ACCENT_COLOR_NAME = AccentColor;
				CODE_SIGN_STYLE = Automatic;
				CURRENT_PROJECT_VERSION = 1;
				DEVELOPMENT_TEAM = GAPK9VY2U9;
				GENERATE_INFOPLIST_FILE = YES;
				INFOPLIST_FILE = lesson_1/Info.plist;
				INFOPLIST_KEY_UIApplicationSupportsIndirectInputEvents = YES;
				INFOPLIST_KEY_UILaunchStoryboardName = LaunchScreen;
				INFOPLIST_KEY_UIMainStoryboardFile = Main;
				INFOPLIST_KEY_UISupportedInterfaceOrientations_iPad = "UIInterfaceOrientationPortrait UIInterfaceOrientationPortraitUpsideDown UIInterfaceOrientationLandscapeLeft UIInterfaceOrientationLandscapeRight";
				INFOPLIST_KEY_UISupportedInterfaceOrientations_iPhone = "UIInterfaceOrientationPortrait UIInterfaceOrientationLandscapeLeft UIInterfaceOrientationLandscapeRight";
				LD_RUNPATH_SEARCH_PATHS = (
					"$(inherited)",
					"@executable_path/Frameworks",
				);
				MARKETING_VERSION = 1.0;
				PRODUCT_BUNDLE_IDENTIFIER = "sli.lesson-1";
				PRODUCT_NAME = "$(TARGET_NAME)";
				SWIFT_EMIT_LOC_STRINGS = YES;
				SWIFT_VERSION = 5.0;
				TARGETED_DEVICE_FAMILY = "1,2";
			};
			name = Release;
		};
/* End XCBuildConfiguration section */

/* Begin XCConfigurationList section */
		8E0E043F2B98E5E2001434D2 /* Build configuration list for PBXProject "lesson_1" */ = {
			isa = XCConfigurationList;
			buildConfigurations = (
				8E0E04562B98E5E4001434D2 /* Debug */,
				8E0E04572B98E5E4001434D2 /* Release */,
			);
			defaultConfigurationIsVisible = 0;
			defaultConfigurationName = Release;
		};
		8E0E04582B98E5E4001434D2 /* Build configuration list for PBXNativeTarget "lesson_1" */ = {
			isa = XCConfigurationList;
			buildConfigurations = (
				8E0E04592B98E5E4001434D2 /* Debug */,
				8E0E045A2B98E5E4001434D2 /* Release */,
			);
			defaultConfigurationIsVisible = 0;
			defaultConfigurationName = Release;
		};
/* End XCConfigurationList section */
	};
	rootObject = 8E0E043C2B98E5E2001434D2 /* Project object */;
}
